// !$*UTF8*$!
{
	archiveVersion = 1;
	classes = {
	};
	objectVersion = 50;
	objects = {

/* Begin PBXBuildFile section */
		7AC3B01F260C6678009E4202 /* AppDelegate.swift in Sources */ = {isa = PBXBuildFile; fileRef = 7AC3B01E260C6678009E4202 /* AppDelegate.swift */; };
		7AC3B021260C6678009E4202 /* SceneDelegate.swift in Sources */ = {isa = PBXBuildFile; fileRef = 7AC3B020260C6678009E4202 /* SceneDelegate.swift */; };
		7AC3B023260C6678009E4202 /* ContentView.swift in Sources */ = {isa = PBXBuildFile; fileRef = 7AC3B022260C6678009E4202 /* ContentView.swift */; };
		7AC3B025260C667A009E4202 /* Assets.xcassets in Resources */ = {isa = PBXBuildFile; fileRef = 7AC3B024260C667A009E4202 /* Assets.xcassets */; };
		7AC3B028260C667A009E4202 /* Preview Assets.xcassets in Resources */ = {isa = PBXBuildFile; fileRef = 7AC3B027260C667A009E4202 /* Preview Assets.xcassets */; };
		7AC3B02B260C667A009E4202 /* LaunchScreen.storyboard in Resources */ = {isa = PBXBuildFile; fileRef = 7AC3B029260C667A009E4202 /* LaunchScreen.storyboard */; };
		7AC3B034260C6844009E4202 /* Pacifico-Regular.ttf in Resources */ = {isa = PBXBuildFile; fileRef = 7AC3B033260C6844009E4202 /* Pacifico-Regular.ttf */; };
		7AC3B039260C6F29009E4202 /* InfoView.swift in Sources */ = {isa = PBXBuildFile; fileRef = 7AC3B038260C6F29009E4202 /* InfoView.swift */; };
/* End PBXBuildFile section */

/* Begin PBXFileReference section */
		7AC3B01B260C6678009E4202 /* JangoCard.app */ = {isa = PBXFileReference; explicitFileType = wrapper.application; includeInIndex = 0; path = JangoCard.app; sourceTree = BUILT_PRODUCTS_DIR; };
		7AC3B01E260C6678009E4202 /* AppDelegate.swift */ = {isa = PBXFileReference; lastKnownFileType = sourcecode.swift; path = AppDelegate.swift; sourceTree = "<group>"; };
		7AC3B020260C6678009E4202 /* SceneDelegate.swift */ = {isa = PBXFileReference; lastKnownFileType = sourcecode.swift; path = SceneDelegate.swift; sourceTree = "<group>"; };
		7AC3B022260C6678009E4202 /* ContentView.swift */ = {isa = PBXFileReference; lastKnownFileType = sourcecode.swift; path = ContentView.swift; sourceTree = "<group>"; };
		7AC3B024260C667A009E4202 /* Assets.xcassets */ = {isa = PBXFileReference; lastKnownFileType = folder.assetcatalog; path = Assets.xcassets; sourceTree = "<group>"; };
		7AC3B027260C667A009E4202 /* Preview Assets.xcassets */ = {isa = PBXFileReference; lastKnownFileType = folder.assetcatalog; path = "Preview Assets.xcassets"; sourceTree = "<group>"; };
		7AC3B02A260C667A009E4202 /* Base */ = {isa = PBXFileReference; lastKnownFileType = file.storyboard; name = Base; path = Base.lproj/LaunchScreen.storyboard; sourceTree = "<group>"; };
		7AC3B02C260C667A009E4202 /* Info.plist */ = {isa = PBXFileReference; lastKnownFileType = text.plist.xml; path = Info.plist; sourceTree = "<group>"; };
		7AC3B033260C6844009E4202 /* Pacifico-Regular.ttf */ = {isa = PBXFileReference; lastKnownFileType = file; path = "Pacifico-Regular.ttf"; sourceTree = "<group>"; };
		7AC3B038260C6F29009E4202 /* InfoView.swift */ = {isa = PBXFileReference; lastKnownFileType = sourcecode.swift; path = InfoView.swift; sourceTree = "<group>"; };
/* End PBXFileReference section */

/* Begin PBXFrameworksBuildPhase section */
		7AC3B018260C6678009E4202 /* Frameworks */ = {
			isa = PBXFrameworksBuildPhase;
			buildActionMask = 2147483647;
			files = (
			);
			runOnlyForDeploymentPostprocessing = 0;
		};
/* End PBXFrameworksBuildPhase section */

/* Begin PBXGroup section */
		7AC3B012260C6678009E4202 = {
			isa = PBXGroup;
			children = (
				7AC3B01D260C6678009E4202 /* JangoCard */,
				7AC3B01C260C6678009E4202 /* Products */,
			);
			sourceTree = "<group>";
		};
		7AC3B01C260C6678009E4202 /* Products */ = {
			isa = PBXGroup;
			children = (
				7AC3B01B260C6678009E4202 /* JangoCard.app */,
			);
			name = Products;
			sourceTree = "<group>";
		};
		7AC3B01D260C6678009E4202 /* JangoCard */ = {
			isa = PBXGroup;
			children = (
				7AC3B036260C6849009E4202 /* fonts */,
				7AC3B01E260C6678009E4202 /* AppDelegate.swift */,
				7AC3B020260C6678009E4202 /* SceneDelegate.swift */,
				7AC3B022260C6678009E4202 /* ContentView.swift */,
				7AC3B038260C6F29009E4202 /* InfoView.swift */,
				7AC3B024260C667A009E4202 /* Assets.xcassets */,
				7AC3B029260C667A009E4202 /* LaunchScreen.storyboard */,
				7AC3B02C260C667A009E4202 /* Info.plist */,
				7AC3B026260C667A009E4202 /* Preview Content */,
			);
			path = JangoCard;
			sourceTree = "<group>";
		};
		7AC3B026260C667A009E4202 /* Preview Content */ = {
			isa = PBXGroup;
			children = (
				7AC3B027260C667A009E4202 /* Preview Assets.xcassets */,
			);
			path = "Preview Content";
			sourceTree = "<group>";
		};
		7AC3B036260C6849009E4202 /* fonts */ = {
			isa = PBXGroup;
			children = (
				7AC3B033260C6844009E4202 /* Pacifico-Regular.ttf */,
			);
			path = fonts;
			sourceTree = "<group>";
		};
/* End PBXGroup section */

/* Begin PBXNativeTarget section */
		7AC3B01A260C6678009E4202 /* JangoCard */ = {
			isa = PBXNativeTarget;
			buildConfigurationList = 7AC3B02F260C667A009E4202 /* Build configuration list for PBXNativeTarget "JangoCard" */;
			buildPhases = (
				7AC3B017260C6678009E4202 /* Sources */,
				7AC3B018260C6678009E4202 /* Frameworks */,
				7AC3B019260C6678009E4202 /* Resources */,
			);
			buildRules = (
			);
			dependencies = (
			);
			name = JangoCard;
			productName = JangoCard;
			productReference = 7AC3B01B260C6678009E4202 /* JangoCard.app */;
			productType = "com.apple.product-type.application";
		};
/* End PBXNativeTarget section */

/* Begin PBXProject section */
		7AC3B013260C6678009E4202 /* Project object */ = {
			isa = PBXProject;
			attributes = {
				LastSwiftUpdateCheck = 1240;
				LastUpgradeCheck = 1240;
				TargetAttributes = {
					7AC3B01A260C6678009E4202 = {
						CreatedOnToolsVersion = 12.4;
					};
				};
			};
			buildConfigurationList = 7AC3B016260C6678009E4202 /* Build configuration list for PBXProject "JangoCard" */;
			compatibilityVersion = "Xcode 9.3";
			developmentRegion = en;
			hasScannedForEncodings = 0;
			knownRegions = (
				en,
				Base,
			);
			mainGroup = 7AC3B012260C6678009E4202;
			productRefGroup = 7AC3B01C260C6678009E4202 /* Products */;
			projectDirPath = "";
			projectRoot = "";
			targets = (
				7AC3B01A260C6678009E4202 /* JangoCard */,
			);
		};
/* End PBXProject section */

/* Begin PBXResourcesBuildPhase section */
		7AC3B019260C6678009E4202 /* Resources */ = {
			isa = PBXResourcesBuildPhase;
			buildActionMask = 2147483647;
			files = (
				7AC3B02B260C667A009E4202 /* LaunchScreen.storyboard in Resources */,
				7AC3B034260C6844009E4202 /* Pacifico-Regular.ttf in Resources */,
				7AC3B028260C667A009E4202 /* Preview Assets.xcassets in Resources */,
				7AC3B025260C667A009E4202 /* Assets.xcassets in Resources */,
			);
			runOnlyForDeploymentPostprocessing = 0;
		};
/* End PBXResourcesBuildPhase section */

/* Begin PBXSourcesBuildPhase section */
		7AC3B017260C6678009E4202 /* Sources */ = {
			isa = PBXSourcesBuildPhase;
			buildActionMask = 2147483647;
			files = (
				7AC3B039260C6F29009E4202 /* InfoView.swift in Sources */,
				7AC3B01F260C6678009E4202 /* AppDelegate.swift in Sources */,
				7AC3B021260C6678009E4202 /* SceneDelegate.swift in Sources */,
				7AC3B023260C6678009E4202 /* ContentView.swift in Sources */,
			);
			runOnlyForDeploymentPostprocessing = 0;
		};
/* End PBXSourcesBuildPhase section */

/* Begin PBXVariantGroup section */
		7AC3B029260C667A009E4202 /* LaunchScreen.storyboard */ = {
			isa = PBXVariantGroup;
			children = (
				7AC3B02A260C667A009E4202 /* Base */,
			);
			name = LaunchScreen.storyboard;
			sourceTree = "<group>";
		};
/* End PBXVariantGroup section */

/* Begin XCBuildConfiguration section */
		7AC3B02D260C667A009E4202 /* Debug */ = {
			isa = XCBuildConfiguration;
			buildSettings = {
				ALWAYS_SEARCH_USER_PATHS = NO;
				CLANG_ANALYZER_NONNULL = YES;
				CLANG_ANALYZER_NUMBER_OBJECT_CONVERSION = YES_AGGRESSIVE;
				CLANG_CXX_LANGUAGE_STANDARD = "gnu++14";
				CLANG_CXX_LIBRARY = "libc++";
				CLANG_ENABLE_MODULES = YES;
				CLANG_ENABLE_OBJC_ARC = YES;
				CLANG_ENABLE_OBJC_WEAK = YES;
				CLANG_WARN_BLOCK_CAPTURE_AUTORELEASING = YES;
				CLANG_WARN_BOOL_CONVERSION = YES;
				CLANG_WARN_COMMA = YES;
				CLANG_WARN_CONSTANT_CONVERSION = YES;
				CLANG_WARN_DEPRECATED_OBJC_IMPLEMENTATIONS = YES;
				CLANG_WARN_DIRECT_OBJC_ISA_USAGE = YES_ERROR;
				CLANG_WARN_DOCUMENTATION_COMMENTS = YES;
				CLANG_WARN_EMPTY_BODY = YES;
				CLANG_WARN_ENUM_CONVERSION = YES;
				CLANG_WARN_INFINITE_RECURSION = YES;
				CLANG_WARN_INT_CONVERSION = YES;
				CLANG_WARN_NON_LITERAL_NULL_CONVERSION = YES;
				CLANG_WARN_OBJC_IMPLICIT_RETAIN_SELF = YES;
				CLANG_WARN_OBJC_LITERAL_CONVERSION = YES;
				CLANG_WARN_OBJC_ROOT_CLASS = YES_ERROR;
				CLANG_WARN_QUOTED_INCLUDE_IN_FRAMEWORK_HEADER = YES;
				CLANG_WARN_RANGE_LOOP_ANALYSIS = YES;
				CLANG_WARN_STRICT_PROTOTYPES = YES;
				CLANG_WARN_SUSPICIOUS_MOVE = YES;
				CLANG_WARN_UNGUARDED_AVAILABILITY = YES_AGGRESSIVE;
				CLANG_WARN_UNREACHABLE_CODE = YES;
				CLANG_WARN__DUPLICATE_METHOD_MATCH = YES;
				COPY_PHASE_STRIP = NO;
				DEBUG_INFORMATION_FORMAT = dwarf;
				ENABLE_STRICT_OBJC_MSGSEND = YES;
				ENABLE_TESTABILITY = YES;
				GCC_C_LANGUAGE_STANDARD = gnu11;
				GCC_DYNAMIC_NO_PIC = NO;
				GCC_NO_COMMON_BLOCKS = YES;
				GCC_OPTIMIZATION_LEVEL = 0;
				GCC_PREPROCESSOR_DEFINITIONS = (
					"DEBUG=1",
					"$(inherited)",
				);
				GCC_WARN_64_TO_32_BIT_CONVERSION = YES;
				GCC_WARN_ABOUT_RETURN_TYPE = YES_ERROR;
				GCC_WARN_UNDECLARED_SELECTOR = YES;
				GCC_WARN_UNINITIALIZED_AUTOS = YES_AGGRESSIVE;
				GCC_WARN_UNUSED_FUNCTION = YES;
				GCC_WARN_UNUSED_VARIABLE = YES;
				IPHONEOS_DEPLOYMENT_TARGET = 14.4;
				MTL_ENABLE_DEBUG_INFO = INCLUDE_SOURCE;
				MTL_FAST_MATH = YES;
				ONLY_ACTIVE_ARCH = YES;
				SDKROOT = iphoneos;
				SWIFT_ACTIVE_COMPILATION_CONDITIONS = DEBUG;
				SWIFT_OPTIMIZATION_LEVEL = "-Onone";
			};
			name = Debug;
		};
		7AC3B02E260C667A009E4202 /* Release */ = {
			isa = XCBuildConfiguration;
			buildSettings = {
				ALWAYS_SEARCH_USER_PATHS = NO;
				CLANG_ANALYZER_NONNULL = YES;
				CLANG_ANALYZER_NUMBER_OBJECT_CONVERSION = YES_AGGRESSIVE;
				CLANG_CXX_LANGUAGE_STANDARD = "gnu++14";
				CLANG_CXX_LIBRARY = "libc++";
				CLANG_ENABLE_MODULES = YES;
				CLANG_ENABLE_OBJC_ARC = YES;
				CLANG_ENABLE_OBJC_WEAK = YES;
				CLANG_WARN_BLOCK_CAPTURE_AUTORELEASING = YES;
				CLANG_WARN_BOOL_CONVERSION = YES;
				CLANG_WARN_COMMA = YES;
				CLANG_WARN_CONSTANT_CONVERSION = YES;
				CLANG_WARN_DEPRECATED_OBJC_IMPLEMENTATIONS = YES;
				CLANG_WARN_DIRECT_OBJC_ISA_USAGE = YES_ERROR;
				CLANG_WARN_DOCUMENTATION_COMMENTS = YES;
				CLANG_WARN_EMPTY_BODY = YES;
				CLANG_WARN_ENUM_CONVERSION = YES;
				CLANG_WARN_INFINITE_RECURSION = YES;
				CLANG_WARN_INT_CONVERSION = YES;
				CLANG_WARN_NON_LITERAL_NULL_CONVERSION = YES;
				CLANG_WARN_OBJC_IMPLICIT_RETAIN_SELF = YES;
				CLANG_WARN_OBJC_LITERAL_CONVERSION = YES;
				CLANG_WARN_OBJC_ROOT_CLASS = YES_ERROR;
				CLANG_WARN_QUOTED_INCLUDE_IN_FRAMEWORK_HEADER = YES;
				CLANG_WARN_RANGE_LOOP_ANALYSIS = YES;
				CLANG_WARN_STRICT_PROTOTYPES = YES;
				CLANG_WARN_SUSPICIOUS_MOVE = YES;
				CLANG_WARN_UNGUARDED_AVAILABILITY = YES_AGGRESSIVE;
				CLANG_WARN_UNREACHABLE_CODE = YES;
				CLANG_WARN__DUPLICATE_METHOD_MATCH = YES;
				COPY_PHASE_STRIP = NO;
				DEBUG_INFORMATION_FORMAT = "dwarf-with-dsym";
				ENABLE_NS_ASSERTIONS = NO;
				ENABLE_STRICT_OBJC_MSGSEND = YES;
				GCC_C_LANGUAGE_STANDARD = gnu11;
				GCC_NO_COMMON_BLOCKS = YES;
				GCC_WARN_64_TO_32_BIT_CONVERSION = YES;
				GCC_WARN_ABOUT_RETURN_TYPE = YES_ERROR;
				GCC_WARN_UNDECLARED_SELECTOR = YES;
				GCC_WARN_UNINITIALIZED_AUTOS = YES_AGGRESSIVE;
				GCC_WARN_UNUSED_FUNCTION = YES;
				GCC_WARN_UNUSED_VARIABLE = YES;
				IPHONEOS_DEPLOYMENT_TARGET = 14.4;
				MTL_ENABLE_DEBUG_INFO = NO;
				MTL_FAST_MATH = YES;
				SDKROOT = iphoneos;
				SWIFT_COMPILATION_MODE = wholemodule;
				SWIFT_OPTIMIZATION_LEVEL = "-O";
				VALIDATE_PRODUCT = YES;
			};
			name = Release;
		};
		7AC3B030260C667A009E4202 /* Debug */ = {
			isa = XCBuildConfiguration;
			buildSettings = {
				ASSETCATALOG_COMPILER_APPICON_NAME = AppIcon;
				ASSETCATALOG_COMPILER_GLOBAL_ACCENT_COLOR_NAME = AccentColor;
				CODE_SIGN_STYLE = Automatic;
				DEVELOPMENT_ASSET_PATHS = "\"JangoCard/Preview Content\"";
				DEVELOPMENT_TEAM = P527XRABTW;
				ENABLE_PREVIEWS = YES;
				INFOPLIST_FILE = JangoCard/Info.plist;
				LD_RUNPATH_SEARCH_PATHS = (
					"$(inherited)",
					"@executable_path/Frameworks",
				);
				PRODUCT_BUNDLE_IDENTIFIER = jango.JangoCard;
				PRODUCT_NAME = "$(TARGET_NAME)";
				SWIFT_VERSION = 5.0;
				TARGETED_DEVICE_FAMILY = "1,2";
			};
			name = Debug;
		};
		7AC3B031260C667A009E4202 /* Release */ = {
			isa = XCBuildConfiguration;
			buildSettings = {
				ASSETCATALOG_COMPILER_APPICON_NAME = AppIcon;
				ASSETCATALOG_COMPILER_GLOBAL_ACCENT_COLOR_NAME = AccentColor;
				CODE_SIGN_STYLE = Automatic;
				DEVELOPMENT_ASSET_PATHS = "\"JangoCard/Preview Content\"";
				DEVELOPMENT_TEAM = P527XRABTW;
				ENABLE_PREVIEWS = YES;
				INFOPLIST_FILE = JangoCard/Info.plist;
				LD_RUNPATH_SEARCH_PATHS = (
					"$(inherited)",
					"@executable_path/Frameworks",
				);
				PRODUCT_BUNDLE_IDENTIFIER = jango.JangoCard;
				PRODUCT_NAME = "$(TARGET_NAME)";
				SWIFT_VERSION = 5.0;
				TARGETED_DEVICE_FAMILY = "1,2";
			};
			name = Release;
		};
/* End XCBuildConfiguration section */

/* Begin XCConfigurationList section */
		7AC3B016260C6678009E4202 /* Build configuration list for PBXProject "JangoCard" */ = {
			isa = XCConfigurationList;
			buildConfigurations = (
				7AC3B02D260C667A009E4202 /* Debug */,
				7AC3B02E260C667A009E4202 /* Release */,
			);
			defaultConfigurationIsVisible = 0;
			defaultConfigurationName = Release;
		};
		7AC3B02F260C667A009E4202 /* Build configuration list for PBXNativeTarget "JangoCard" */ = {
			isa = XCConfigurationList;
			buildConfigurations = (
				7AC3B030260C667A009E4202 /* Debug */,
				7AC3B031260C667A009E4202 /* Release */,
			);
			defaultConfigurationIsVisible = 0;
			defaultConfigurationName = Release;
		};
/* End XCConfigurationList section */
	};
	rootObject = 7AC3B013260C6678009E4202 /* Project object */;
}
